
Microsoft Visual Studio Solution File, Format Version 12.00
# Visual Studio Version 17
VisualStudioVersion = 17.1.32414.318
MinimumVisualStudioVersion = 10.0.40219.1
Project("{FAE04EC0-301F-11D3-BF4B-00C04F79EFBC}") = "TorsdagsLeg", "TorsdagsLeg\TorsdagsLeg.csproj", "{D08EA332-61D6-47BF-95E1-A24D2C6A1E7B}"
EndProject
Global
	GlobalSection(SolutionConfigurationPlatforms) = preSolution
		Debug|Any CPU = Debug|Any CPU
		Release|Any CPU = Release|Any CPU
	EndGlobalSection
	GlobalSection(ProjectConfigurationPlatforms) = postSolution
		{D08EA332-61D6-47BF-95E1-A24D2C6A1E7B}.Debug|Any CPU.ActiveCfg = Debug|Any CPU
		{D08EA332-61D6-47BF-95E1-A24D2C6A1E7B}.Debug|Any CPU.Build.0 = Debug|Any CPU
		{D08EA332-61D6-47BF-95E1-A24D2C6A1E7B}.Release|Any CPU.ActiveCfg = Release|Any CPU
		{D08EA332-61D6-47BF-95E1-A24D2C6A1E7B}.Release|Any CPU.Build.0 = Release|Any CPU
	EndGlobalSection
	GlobalSection(SolutionProperties) = preSolution
		HideSolutionNode = FALSE
	EndGlobalSection
	GlobalSection(ExtensibilityGlobals) = postSolution
		SolutionGuid = {59153916-6990-4268-96A8-78E70A37E78F}
	EndGlobalSection
EndGlobal
